
Microsoft Visual Studio Solution File, Format Version 12.00
# Visual Studio Version 16
VisualStudioVersion = 16.0.30621.155
MinimumVisualStudioVersion = 10.0.40219.1
Project("{9A19103F-16F7-4668-BE54-9A1E7A4F7556}") = "ModuleCreation", "ModuleCreation\ModuleCreation.csproj", "{F782FFD5-295E-4921-9C18-7D985D014D60}"
EndProject
Global
	GlobalSection(SolutionConfigurationPlatforms) = preSolution
		Debug|Any CPU = Debug|Any CPU
		Release|Any CPU = Release|Any CPU
	EndGlobalSection
	GlobalSection(ProjectConfigurationPlatforms) = postSolution
		{F782FFD5-295E-4921-9C18-7D985D014D60}.Debug|Any CPU.ActiveCfg = Debug|Any CPU
		{F782FFD5-295E-4921-9C18-7D985D014D60}.Debug|Any CPU.Build.0 = Debug|Any CPU
		{F782FFD5-295E-4921-9C18-7D985D014D60}.Release|Any CPU.ActiveCfg = Release|Any CPU
		{F782FFD5-295E-4921-9C18-7D985D014D60}.Release|Any CPU.Build.0 = Release|Any CPU
	EndGlobalSection
	GlobalSection(SolutionProperties) = preSolution
		HideSolutionNode = FALSE
	EndGlobalSection
	GlobalSection(ExtensibilityGlobals) = postSolution
		SolutionGuid = {EDF0132C-5405-4E49-AB5C-5D62B1D55BEA}
	EndGlobalSection
EndGlobal
